
Microsoft Visual Studio Solution File, Format Version 12.00
# Visual Studio Version 17
VisualStudioVersion = 17.12.35514.174
MinimumVisualStudioVersion = 10.0.40219.1
Project("{FAE04EC0-301F-11D3-BF4B-00C04F79EFBC}") = "HellowWorldEx", "HellowWorldEx\HellowWorldEx.csproj", "{BE7D4045-960E-422C-A898-276CF6B6005B}"
EndProject
Project("{FAE04EC0-301F-11D3-BF4B-00C04F79EFBC}") = "BootstrapAspNetMvc", "BootstrapAspNetMvc\BootstrapAspNetMvc.csproj", "{A2EC82DD-0F0B-493D-84AB-37584FC2D3BC}"
EndProject
Global
	GlobalSection(SolutionConfigurationPlatforms) = preSolution
		Debug|Any CPU = Debug|Any CPU
		Release|Any CPU = Release|Any CPU
	EndGlobalSection
	GlobalSection(ProjectConfigurationPlatforms) = postSolution
		{BE7D4045-960E-422C-A898-276CF6B6005B}.Debug|Any CPU.ActiveCfg = Debug|Any CPU
		{BE7D4045-960E-422C-A898-276CF6B6005B}.Debug|Any CPU.Build.0 = Debug|Any CPU
		{BE7D4045-960E-422C-A898-276CF6B6005B}.Release|Any CPU.ActiveCfg = Release|Any CPU
		{BE7D4045-960E-422C-A898-276CF6B6005B}.Release|Any CPU.Build.0 = Release|Any CPU
		{A2EC82DD-0F0B-493D-84AB-37584FC2D3BC}.Debug|Any CPU.ActiveCfg = Debug|Any CPU
		{A2EC82DD-0F0B-493D-84AB-37584FC2D3BC}.Debug|Any CPU.Build.0 = Debug|Any CPU
		{A2EC82DD-0F0B-493D-84AB-37584FC2D3BC}.Release|Any CPU.ActiveCfg = Release|Any CPU
		{A2EC82DD-0F0B-493D-84AB-37584FC2D3BC}.Release|Any CPU.Build.0 = Release|Any CPU
	EndGlobalSection
	GlobalSection(SolutionProperties) = preSolution
		HideSolutionNode = FALSE
	EndGlobalSection
EndGlobal
